
Microsoft Visual Studio Solution File, Format Version 12.00
# Visual Studio 15
VisualStudioVersion = 15.0.28010.2046
MinimumVisualStudioVersion = 10.0.40219.1
Project("{FAE04EC0-301F-11D3-BF4B-00C04F79EFBC}") = "RaceReg", "RaceReg.csproj", "{FCAB327A-CC55-43D9-A103-546AA8A3EF5C}"
EndProject
Project("{FAE04EC0-301F-11D3-BF4B-00C04F79EFBC}") = "Tests", "..\Tests\Tests.csproj", "{2BFEA8B3-6C05-4FC0-85EA-E77C12DEB473}"
EndProject
Global
	GlobalSection(SolutionConfigurationPlatforms) = preSolution
		Debug|Any CPU = Debug|Any CPU
		Release|Any CPU = Release|Any CPU
	EndGlobalSection
	GlobalSection(ProjectConfigurationPlatforms) = postSolution
		{FCAB327A-CC55-43D9-A103-546AA8A3EF5C}.Debug|Any CPU.ActiveCfg = Debug|Any CPU
		{FCAB327A-CC55-43D9-A103-546AA8A3EF5C}.Debug|Any CPU.Build.0 = Debug|Any CPU
		{FCAB327A-CC55-43D9-A103-546AA8A3EF5C}.Release|Any CPU.ActiveCfg = Release|Any CPU
		{FCAB327A-CC55-43D9-A103-546AA8A3EF5C}.Release|Any CPU.Build.0 = Release|Any CPU
		{2BFEA8B3-6C05-4FC0-85EA-E77C12DEB473}.Debug|Any CPU.ActiveCfg = Debug|Any CPU
		{2BFEA8B3-6C05-4FC0-85EA-E77C12DEB473}.Debug|Any CPU.Build.0 = Debug|Any CPU
		{2BFEA8B3-6C05-4FC0-85EA-E77C12DEB473}.Release|Any CPU.ActiveCfg = Release|Any CPU
		{2BFEA8B3-6C05-4FC0-85EA-E77C12DEB473}.Release|Any CPU.Build.0 = Release|Any CPU
	EndGlobalSection
	GlobalSection(SolutionProperties) = preSolution
		HideSolutionNode = FALSE
	EndGlobalSection
	GlobalSection(ExtensibilityGlobals) = postSolution
		SolutionGuid = {32770F6A-D04D-46C9-8963-9E8257ADA228}
	EndGlobalSection
EndGlobal
